
Microsoft Visual Studio Solution File, Format Version 12.00
# Visual Studio Version 16
VisualStudioVersion = 16.0.30621.155
MinimumVisualStudioVersion = 10.0.40219.1
Project("{9A19103F-16F7-4668-BE54-9A1E7A4F7556}") = "WebApp", "WebApp\WebApp.csproj", "{C1979CE2-9444-426E-A295-1F500317D197}"
EndProject
Global
	GlobalSection(SolutionConfigurationPlatforms) = preSolution
		Debug|Any CPU = Debug|Any CPU
		Release|Any CPU = Release|Any CPU
	EndGlobalSection
	GlobalSection(ProjectConfigurationPlatforms) = postSolution
		{C1979CE2-9444-426E-A295-1F500317D197}.Debug|Any CPU.ActiveCfg = Debug|Any CPU
		{C1979CE2-9444-426E-A295-1F500317D197}.Debug|Any CPU.Build.0 = Debug|Any CPU
		{C1979CE2-9444-426E-A295-1F500317D197}.Release|Any CPU.ActiveCfg = Release|Any CPU
		{C1979CE2-9444-426E-A295-1F500317D197}.Release|Any CPU.Build.0 = Release|Any CPU
	EndGlobalSection
	GlobalSection(SolutionProperties) = preSolution
		HideSolutionNode = FALSE
	EndGlobalSection
	GlobalSection(ExtensibilityGlobals) = postSolution
		SolutionGuid = {72D5DBB9-3695-426A-B519-6CFF6C79A4C5}
	EndGlobalSection
EndGlobal
